
Microsoft Visual Studio Solution File, Format Version 10.00
# Visual C# Express 2008
Project("{FAE04EC0-301F-11D3-BF4B-00C04F79EFBC}") = "Inquisitor", "Inquisitor\Inquisitor.csproj", "{35095FEE-B9BB-4E49-A537-C1036851A501}"
EndProject
Project("{FAE04EC0-301F-11D3-BF4B-00C04F79EFBC}") = "OciNet", "OciNet\OciNet.csproj", "{F1694FD8-A423-4916-B47B-AC9A1B626494}"
EndProject
Project("{FAE04EC0-301F-11D3-BF4B-00C04F79EFBC}") = "OciNetTest", "OciNetTest\OciNetTest.csproj", "{C7F495E2-8463-434B-9167-5B3B9BC7F92F}"
EndProject
Global
	GlobalSection(SolutionConfigurationPlatforms) = preSolution
		Debug|Any CPU = Debug|Any CPU
		Debug|x86 = Debug|x86
		Release|Any CPU = Release|Any CPU
		Release|x86 = Release|x86
	EndGlobalSection
	GlobalSection(ProjectConfigurationPlatforms) = postSolution
		{35095FEE-B9BB-4E49-A537-C1036851A501}.Debug|Any CPU.ActiveCfg = Debug|Any CPU
		{35095FEE-B9BB-4E49-A537-C1036851A501}.Debug|Any CPU.Build.0 = Debug|Any CPU
		{35095FEE-B9BB-4E49-A537-C1036851A501}.Debug|x86.ActiveCfg = Debug|x86
		{35095FEE-B9BB-4E49-A537-C1036851A501}.Debug|x86.Build.0 = Debug|x86
		{35095FEE-B9BB-4E49-A537-C1036851A501}.Release|Any CPU.ActiveCfg = Release|Any CPU
		{35095FEE-B9BB-4E49-A537-C1036851A501}.Release|Any CPU.Build.0 = Release|Any CPU
		{35095FEE-B9BB-4E49-A537-C1036851A501}.Release|x86.ActiveCfg = Release|x86
		{35095FEE-B9BB-4E49-A537-C1036851A501}.Release|x86.Build.0 = Release|x86
		{F1694FD8-A423-4916-B47B-AC9A1B626494}.Debug|Any CPU.ActiveCfg = Debug|Any CPU
		{F1694FD8-A423-4916-B47B-AC9A1B626494}.Debug|Any CPU.Build.0 = Debug|Any CPU
		{F1694FD8-A423-4916-B47B-AC9A1B626494}.Debug|x86.ActiveCfg = Debug|Any CPU
		{F1694FD8-A423-4916-B47B-AC9A1B626494}.Release|Any CPU.ActiveCfg = Release|Any CPU
		{F1694FD8-A423-4916-B47B-AC9A1B626494}.Release|Any CPU.Build.0 = Release|Any CPU
		{F1694FD8-A423-4916-B47B-AC9A1B626494}.Release|x86.ActiveCfg = Release|Any CPU
		{C7F495E2-8463-434B-9167-5B3B9BC7F92F}.Debug|Any CPU.ActiveCfg = Debug|Any CPU
		{C7F495E2-8463-434B-9167-5B3B9BC7F92F}.Debug|Any CPU.Build.0 = Debug|Any CPU
		{C7F495E2-8463-434B-9167-5B3B9BC7F92F}.Debug|x86.ActiveCfg = Debug|x86
		{C7F495E2-8463-434B-9167-5B3B9BC7F92F}.Debug|x86.Build.0 = Debug|x86
		{C7F495E2-8463-434B-9167-5B3B9BC7F92F}.Release|Any CPU.ActiveCfg = Release|Any CPU
		{C7F495E2-8463-434B-9167-5B3B9BC7F92F}.Release|Any CPU.Build.0 = Release|Any CPU
		{C7F495E2-8463-434B-9167-5B3B9BC7F92F}.Release|x86.ActiveCfg = Release|Any CPU
	EndGlobalSection
	GlobalSection(SolutionProperties) = preSolution
		HideSolutionNode = FALSE
	EndGlobalSection
EndGlobal
